
Microsoft Visual Studio Solution File, Format Version 12.00
# Visual Studio Version 18
VisualStudioVersion = 18.2.11415.280 d18.0
MinimumVisualStudioVersion = 10.0.40219.1
Project("{FAE04EC0-301F-11D3-BF4B-00C04F79EFBC}") = "ASPER.CORPORATE_BANKING", "ASPER.CORPORATE_BANKING\ASPER.CORPORATE_BANKING.csproj", "{AB3B09DA-8C91-4BE1-86C2-FE6019A931A4}"
EndProject
Project("{FAE04EC0-301F-11D3-BF4B-00C04F79EFBC}") = "ASPER.CORPORATE_BANKING.Domain", "ASPER.CORPORATE_BANKING.Domain\ASPER.CORPORATE_BANKING.Domain.csproj", "{9B530D9D-8796-4A8C-A6FD-6369AA8455F0}"
EndProject
Project("{FAE04EC0-301F-11D3-BF4B-00C04F79EFBC}") = "ASPER.CORPORATE_BANKING.Application", "ASPER.CORPORATE_BANKING.Application\ASPER.CORPORATE_BANKING.Application.csproj", "{C42B09A6-DF90-4BE8-98C1-1B48614724E2}"
EndProject
Project("{FAE04EC0-301F-11D3-BF4B-00C04F79EFBC}") = "ASPER.CORPORATE_BANKING.Infrastructure", "ASPER.CORPORATE_BANKING.Infrastructure\ASPER.CORPORATE_BANKING.Infrastructure.csproj", "{0B171BC2-DC1A-4BB0-B076-83AAC3795278}"
EndProject
Project("{FAE04EC0-301F-11D3-BF4B-00C04F79EFBC}") = "ASPER.CORPORATE_BANKING.Contract", "ASPER.CORPORATE_BANKING.Contract\ASPER.CORPORATE_BANKING.Contract.csproj", "{5697F2A3-C1E7-4988-B9C8-A174EB3CE18D}"
EndProject
Project("{FAE04EC0-301F-11D3-BF4B-00C04F79EFBC}") = "ASPER.CORPORATE_BANKING.Grpc.Client", "ASPER.CORPORATE_BANKING.Grpc.Client\ASPER.CORPORATE_BANKING.Grpc.Client.csproj", "{0E87AF79-8F39-E9BB-E458-3F3798B56D34}"
EndProject
Global
	GlobalSection(SolutionConfigurationPlatforms) = preSolution
		Debug|Any CPU = Debug|Any CPU
		Release|Any CPU = Release|Any CPU
	EndGlobalSection
	GlobalSection(ProjectConfigurationPlatforms) = postSolution
		{AB3B09DA-8C91-4BE1-86C2-FE6019A931A4}.Debug|Any CPU.ActiveCfg = Debug|Any CPU
		{AB3B09DA-8C91-4BE1-86C2-FE6019A931A4}.Debug|Any CPU.Build.0 = Debug|Any CPU
		{AB3B09DA-8C91-4BE1-86C2-FE6019A931A4}.Release|Any CPU.ActiveCfg = Release|Any CPU
		{AB3B09DA-8C91-4BE1-86C2-FE6019A931A4}.Release|Any CPU.Build.0 = Release|Any CPU
		{9B530D9D-8796-4A8C-A6FD-6369AA8455F0}.Debug|Any CPU.ActiveCfg = Debug|Any CPU
		{9B530D9D-8796-4A8C-A6FD-6369AA8455F0}.Debug|Any CPU.Build.0 = Debug|Any CPU
		{9B530D9D-8796-4A8C-A6FD-6369AA8455F0}.Release|Any CPU.ActiveCfg = Release|Any CPU
		{9B530D9D-8796-4A8C-A6FD-6369AA8455F0}.Release|Any CPU.Build.0 = Release|Any CPU
		{C42B09A6-DF90-4BE8-98C1-1B48614724E2}.Debug|Any CPU.ActiveCfg = Debug|Any CPU
		{C42B09A6-DF90-4BE8-98C1-1B48614724E2}.Debug|Any CPU.Build.0 = Debug|Any CPU
		{C42B09A6-DF90-4BE8-98C1-1B48614724E2}.Release|Any CPU.ActiveCfg = Release|Any CPU
		{C42B09A6-DF90-4BE8-98C1-1B48614724E2}.Release|Any CPU.Build.0 = Release|Any CPU
		{0B171BC2-DC1A-4BB0-B076-83AAC3795278}.Debug|Any CPU.ActiveCfg = Debug|Any CPU
		{0B171BC2-DC1A-4BB0-B076-83AAC3795278}.Debug|Any CPU.Build.0 = Debug|Any CPU
		{0B171BC2-DC1A-4BB0-B076-83AAC3795278}.Release|Any CPU.ActiveCfg = Release|Any CPU
		{0B171BC2-DC1A-4BB0-B076-83AAC3795278}.Release|Any CPU.Build.0 = Release|Any CPU
		{5697F2A3-C1E7-4988-B9C8-A174EB3CE18D}.Debug|Any CPU.ActiveCfg = Debug|Any CPU
		{5697F2A3-C1E7-4988-B9C8-A174EB3CE18D}.Debug|Any CPU.Build.0 = Debug|Any CPU
		{5697F2A3-C1E7-4988-B9C8-A174EB3CE18D}.Release|Any CPU.ActiveCfg = Release|Any CPU
		{5697F2A3-C1E7-4988-B9C8-A174EB3CE18D}.Release|Any CPU.Build.0 = Release|Any CPU
		{0E87AF79-8F39-E9BB-E458-3F3798B56D34}.Debug|Any CPU.ActiveCfg = Debug|Any CPU
		{0E87AF79-8F39-E9BB-E458-3F3798B56D34}.Debug|Any CPU.Build.0 = Debug|Any CPU
		{0E87AF79-8F39-E9BB-E458-3F3798B56D34}.Release|Any CPU.ActiveCfg = Release|Any CPU
		{0E87AF79-8F39-E9BB-E458-3F3798B56D34}.Release|Any CPU.Build.0 = Release|Any CPU
	EndGlobalSection
	GlobalSection(SolutionProperties) = preSolution
		HideSolutionNode = FALSE
	EndGlobalSection
	GlobalSection(ExtensibilityGlobals) = postSolution
		SolutionGuid = {A600FC97-D841-4581-95A9-832741E4C138}
	EndGlobalSection
EndGlobal

