Microsoft Visual Studio Solution File, Format Version 12.00
# Visual Studio Version 17
VisualStudioVersion = 17.5.2.0
MinimumVisualStudioVersion = 10.0.40219.1
Project("{FAE04EC0-301F-11D3-BF4B-00C04F79EFBC}") = "ASPER.CORPORATE_BANKING", "ASPER.CORPORATE_BANKING.csproj", "{358A706D-3EED-4E69-2259-FE177CD05AD2}"
EndProject
Global
	GlobalSection(SolutionConfigurationPlatforms) = preSolution
		Debug|Any CPU = Debug|Any CPU
		Release|Any CPU = Release|Any CPU
	EndGlobalSection
	GlobalSection(ProjectConfigurationPlatforms) = postSolution
		{358A706D-3EED-4E69-2259-FE177CD05AD2}.Debug|Any CPU.ActiveCfg = Debug|Any CPU
		{358A706D-3EED-4E69-2259-FE177CD05AD2}.Debug|Any CPU.Build.0 = Debug|Any CPU
		{358A706D-3EED-4E69-2259-FE177CD05AD2}.Release|Any CPU.ActiveCfg = Release|Any CPU
		{358A706D-3EED-4E69-2259-FE177CD05AD2}.Release|Any CPU.Build.0 = Release|Any CPU
	EndGlobalSection
	GlobalSection(SolutionProperties) = preSolution
		HideSolutionNode = FALSE
	EndGlobalSection
	GlobalSection(ExtensibilityGlobals) = postSolution
		SolutionGuid = {2D1A103A-E9A5-4C89-99C3-729231450EDA}
	EndGlobalSection
EndGlobal

